// !$*UTF8*$!
{
	archiveVersion = 1;
	classes = {
	};
	objectVersion = 46;
	objects = {

/* Begin PBXBuildFile section */
		016971B21D8D7E21004E11A1 /* AppDelegate.swift in Sources */ = {isa = PBXBuildFile; fileRef = 016971B11D8D7E21004E11A1 /* AppDelegate.swift */; };
		016971B41D8D7E21004E11A1 /* ViewController.swift in Sources */ = {isa = PBXBuildFile; fileRef = 016971B31D8D7E21004E11A1 /* ViewController.swift */; };
		016971B71D8D7E21004E11A1 /* Main.storyboard in Resources */ = {isa = PBXBuildFile; fileRef = 016971B51D8D7E21004E11A1 /* Main.storyboard */; };
		016971B91D8D7E21004E11A1 /* Assets.xcassets in Resources */ = {isa = PBXBuildFile; fileRef = 016971B81D8D7E21004E11A1 /* Assets.xcassets */; };
		016971BC1D8D7E21004E11A1 /* LaunchScreen.storyboard in Resources */ = {isa = PBXBuildFile; fileRef = 016971BA1D8D7E21004E11A1 /* LaunchScreen.storyboard */; };
		016971C41D8DABF1004E11A1 /* SpeechEngine.swift in Sources */ = {isa = PBXBuildFile; fileRef = 016971C31D8DABF1004E11A1 /* SpeechEngine.swift */; };
/* End PBXBuildFile section */

/* Begin PBXFileReference section */
		016971AE1D8D7E21004E11A1 /* testspeech.app */ = {isa = PBXFileReference; explicitFileType = wrapper.application; includeInIndex = 0; path = testspeech.app; sourceTree = BUILT_PRODUCTS_DIR; };
		016971B11D8D7E21004E11A1 /* AppDelegate.swift */ = {isa = PBXFileReference; lastKnownFileType = sourcecode.swift; path = AppDelegate.swift; sourceTree = "<group>"; };
		016971B31D8D7E21004E11A1 /* ViewController.swift */ = {isa = PBXFileReference; lastKnownFileType = sourcecode.swift; path = ViewController.swift; sourceTree = "<group>"; };
		016971B61D8D7E21004E11A1 /* Base */ = {isa = PBXFileReference; lastKnownFileType = file.storyboard; name = Base; path = Base.lproj/Main.storyboard; sourceTree = "<group>"; };
		016971B81D8D7E21004E11A1 /* Assets.xcassets */ = {isa = PBXFileReference; lastKnownFileType = folder.assetcatalog; path = Assets.xcassets; sourceTree = "<group>"; };
		016971BB1D8D7E21004E11A1 /* Base */ = {isa = PBXFileReference; lastKnownFileType = file.storyboard; name = Base; path = Base.lproj/LaunchScreen.storyboard; sourceTree = "<group>"; };
		016971BD1D8D7E21004E11A1 /* Info.plist */ = {isa = PBXFileReference; lastKnownFileType = text.plist.xml; path = Info.plist; sourceTree = "<group>"; };
		016971C31D8DABF1004E11A1 /* SpeechEngine.swift */ = {isa = PBXFileReference; fileEncoding = 4; lastKnownFileType = sourcecode.swift; path = SpeechEngine.swift; sourceTree = "<group>"; };
/* End PBXFileReference section */

/* Begin PBXFrameworksBuildPhase section */
		016971AB1D8D7E21004E11A1 /* Frameworks */ = {
			isa = PBXFrameworksBuildPhase;
			buildActionMask = 2147483647;
			files = (
			);
			runOnlyForDeploymentPostprocessing = 0;
		};
/* End PBXFrameworksBuildPhase section */

/* Begin PBXGroup section */
		016971A51D8D7E21004E11A1 = {
			isa = PBXGroup;
			children = (
				016971B01D8D7E21004E11A1 /* testspeech */,
				016971AF1D8D7E21004E11A1 /* Products */,
			);
			sourceTree = "<group>";
		};
		016971AF1D8D7E21004E11A1 /* Products */ = {
			isa = PBXGroup;
			children = (
				016971AE1D8D7E21004E11A1 /* testspeech.app */,
			);
			name = Products;
			sourceTree = "<group>";
		};
		016971B01D8D7E21004E11A1 /* testspeech */ = {
			isa = PBXGroup;
			children = (
				016971B11D8D7E21004E11A1 /* AppDelegate.swift */,
				016971B31D8D7E21004E11A1 /* ViewController.swift */,
				016971B51D8D7E21004E11A1 /* Main.storyboard */,
				016971B81D8D7E21004E11A1 /* Assets.xcassets */,
				016971BA1D8D7E21004E11A1 /* LaunchScreen.storyboard */,
				016971BD1D8D7E21004E11A1 /* Info.plist */,
				016971C31D8DABF1004E11A1 /* SpeechEngine.swift */,
			);
			path = testspeech;
			sourceTree = "<group>";
		};
/* End PBXGroup section */

/* Begin PBXNativeTarget section */
		016971AD1D8D7E21004E11A1 /* testspeech */ = {
			isa = PBXNativeTarget;
			buildConfigurationList = 016971C01D8D7E21004E11A1 /* Build configuration list for PBXNativeTarget "testspeech" */;
			buildPhases = (
				016971AA1D8D7E21004E11A1 /* Sources */,
				016971AB1D8D7E21004E11A1 /* Frameworks */,
				016971AC1D8D7E21004E11A1 /* Resources */,
			);
			buildRules = (
			);
			dependencies = (
			);
			name = testspeech;
			productName = testspeech;
			productReference = 016971AE1D8D7E21004E11A1 /* testspeech.app */;
			productType = "com.apple.product-type.application";
		};
/* End PBXNativeTarget section */

/* Begin PBXProject section */
		016971A61D8D7E21004E11A1 /* Project object */ = {
			isa = PBXProject;
			attributes = {
				LastSwiftUpdateCheck = 0800;
				LastUpgradeCheck = 0800;
				ORGANIZATIONNAME = NickBrook;
				TargetAttributes = {
					016971AD1D8D7E21004E11A1 = {
						CreatedOnToolsVersion = 8.0;
						DevelopmentTeam = S3CGX2BLJA;
						ProvisioningStyle = Automatic;
					};
				};
			};
			buildConfigurationList = 016971A91D8D7E21004E11A1 /* Build configuration list for PBXProject "testspeech" */;
			compatibilityVersion = "Xcode 3.2";
			developmentRegion = English;
			hasScannedForEncodings = 0;
			knownRegions = (
				en,
				Base,
			);
			mainGroup = 016971A51D8D7E21004E11A1;
			productRefGroup = 016971AF1D8D7E21004E11A1 /* Products */;
			projectDirPath = "";
			projectRoot = "";
			targets = (
				016971AD1D8D7E21004E11A1 /* testspeech */,
			);
		};
/* End PBXProject section */

/* Begin PBXResourcesBuildPhase section */
		016971AC1D8D7E21004E11A1 /* Resources */ = {
			isa = PBXResourcesBuildPhase;
			buildActionMask = 2147483647;
			files = (
				016971BC1D8D7E21004E11A1 /* LaunchScreen.storyboard in Resources */,
				016971B91D8D7E21004E11A1 /* Assets.xcassets in Resources */,
				016971B71D8D7E21004E11A1 /* Main.storyboard in Resources */,
			);
			runOnlyForDeploymentPostprocessing = 0;
		};
/* End PBXResourcesBuildPhase section */

/* Begin PBXSourcesBuildPhase section */
		016971AA1D8D7E21004E11A1 /* Sources */ = {
			isa = PBXSourcesBuildPhase;
			buildActionMask = 2147483647;
			files = (
				016971C41D8DABF1004E11A1 /* SpeechEngine.swift in Sources */,
				016971B41D8D7E21004E11A1 /* ViewController.swift in Sources */,
				016971B21D8D7E21004E11A1 /* AppDelegate.swift in Sources */,
			);
			runOnlyForDeploymentPostprocessing = 0;
		};
/* End PBXSourcesBuildPhase section */

/* Begin PBXVariantGroup section */
		016971B51D8D7E21004E11A1 /* Main.storyboard */ = {
			isa = PBXVariantGroup;
			children = (
				016971B61D8D7E21004E11A1 /* Base */,
			);
			name = Main.storyboard;
			sourceTree = "<group>";
		};
		016971BA1D8D7E21004E11A1 /* LaunchScreen.storyboard */ = {
			isa = PBXVariantGroup;
			children = (
				016971BB1D8D7E21004E11A1 /* Base */,
			);
			name = LaunchScreen.storyboard;
			sourceTree = "<group>";
		};
/* End PBXVariantGroup section */

/* Begin XCBuildConfiguration section */
		016971BE1D8D7E21004E11A1 /* Debug */ = {
			isa = XCBuildConfiguration;
			buildSettings = {
				ALWAYS_SEARCH_USER_PATHS = NO;
				CLANG_ANALYZER_NONNULL = YES;
				CLANG_CXX_LANGUAGE_STANDARD = "gnu++0x";
				CLANG_CXX_LIBRARY = "libc++";
				CLANG_ENABLE_MODULES = YES;
				CLANG_ENABLE_OBJC_ARC = YES;
				CLANG_WARN_BOOL_CONVERSION = YES;
				CLANG_WARN_CONSTANT_CONVERSION = YES;
				CLANG_WARN_DIRECT_OBJC_ISA_USAGE = YES_ERROR;
				CLANG_WARN_DOCUMENTATION_COMMENTS = YES;
				CLANG_WARN_EMPTY_BODY = YES;
				CLANG_WARN_ENUM_CONVERSION = YES;
				CLANG_WARN_INFINITE_RECURSION = YES;
				CLANG_WARN_INT_CONVERSION = YES;
				CLANG_WARN_OBJC_ROOT_CLASS = YES_ERROR;
				CLANG_WARN_SUSPICIOUS_MOVES = YES;
				CLANG_WARN_UNREACHABLE_CODE = YES;
				CLANG_WARN__DUPLICATE_METHOD_MATCH = YES;
				"CODE_SIGN_IDENTITY[sdk=iphoneos*]" = "iPhone Developer";
				COPY_PHASE_STRIP = NO;
				DEBUG_INFORMATION_FORMAT = dwarf;
				ENABLE_STRICT_OBJC_MSGSEND = YES;
				ENABLE_TESTABILITY = YES;
				GCC_C_LANGUAGE_STANDARD = gnu99;
				GCC_DYNAMIC_NO_PIC = NO;
				GCC_NO_COMMON_BLOCKS = YES;
				GCC_OPTIMIZATION_LEVEL = 0;
				GCC_PREPROCESSOR_DEFINITIONS = (
					"DEBUG=1",
					"$(inherited)",
				);
				GCC_WARN_64_TO_32_BIT_CONVERSION = YES;
				GCC_WARN_ABOUT_RETURN_TYPE = YES_ERROR;
				GCC_WARN_UNDECLARED_SELECTOR = YES;
				GCC_WARN_UNINITIALIZED_AUTOS = YES_AGGRESSIVE;
				GCC_WARN_UNUSED_FUNCTION = YES;
				GCC_WARN_UNUSED_VARIABLE = YES;
				IPHONEOS_DEPLOYMENT_TARGET = 10.0;
				MTL_ENABLE_DEBUG_INFO = YES;
				ONLY_ACTIVE_ARCH = YES;
				SDKROOT = iphoneos;
				SWIFT_ACTIVE_COMPILATION_CONDITIONS = DEBUG;
				SWIFT_OPTIMIZATION_LEVEL = "-Onone";
				TARGETED_DEVICE_FAMILY = "1,2";
			};
			name = Debug;
		};
		016971BF1D8D7E21004E11A1 /* Release */ = {
			isa = XCBuildConfiguration;
			buildSettings = {
				ALWAYS_SEARCH_USER_PATHS = NO;
				CLANG_ANALYZER_NONNULL = YES;
				CLANG_CXX_LANGUAGE_STANDARD = "gnu++0x";
				CLANG_CXX_LIBRARY = "libc++";
				CLANG_ENABLE_MODULES = YES;
				CLANG_ENABLE_OBJC_ARC = YES;
				CLANG_WARN_BOOL_CONVERSION = YES;
				CLANG_WARN_CONSTANT_CONVERSION = YES;
				CLANG_WARN_DIRECT_OBJC_ISA_USAGE = YES_ERROR;
				CLANG_WARN_DOCUMENTATION_COMMENTS = YES;
				CLANG_WARN_EMPTY_BODY = YES;
				CLANG_WARN_ENUM_CONVERSION = YES;
				CLANG_WARN_INFINITE_RECURSION = YES;
				CLANG_WARN_INT_CONVERSION = YES;
				CLANG_WARN_OBJC_ROOT_CLASS = YES_ERROR;
				CLANG_WARN_SUSPICIOUS_MOVES = YES;
				CLANG_WARN_UNREACHABLE_CODE = YES;
				CLANG_WARN__DUPLICATE_METHOD_MATCH = YES;
				"CODE_SIGN_IDENTITY[sdk=iphoneos*]" = "iPhone Developer";
				COPY_PHASE_STRIP = NO;
				DEBUG_INFORMATION_FORMAT = "dwarf-with-dsym";
				ENABLE_NS_ASSERTIONS = NO;
				ENABLE_STRICT_OBJC_MSGSEND = YES;
				GCC_C_LANGUAGE_STANDARD = gnu99;
				GCC_NO_COMMON_BLOCKS = YES;
				GCC_WARN_64_TO_32_BIT_CONVERSION = YES;
				GCC_WARN_ABOUT_RETURN_TYPE = YES_ERROR;
				GCC_WARN_UNDECLARED_SELECTOR = YES;
				GCC_WARN_UNINITIALIZED_AUTOS = YES_AGGRESSIVE;
				GCC_WARN_UNUSED_FUNCTION = YES;
				GCC_WARN_UNUSED_VARIABLE = YES;
				IPHONEOS_DEPLOYMENT_TARGET = 10.0;
				MTL_ENABLE_DEBUG_INFO = NO;
				SDKROOT = iphoneos;
				SWIFT_OPTIMIZATION_LEVEL = "-Owholemodule";
				TARGETED_DEVICE_FAMILY = "1,2";
				VALIDATE_PRODUCT = YES;
			};
			name = Release;
		};
		016971C11D8D7E21004E11A1 /* Debug */ = {
			isa = XCBuildConfiguration;
			buildSettings = {
				ASSETCATALOG_COMPILER_APPICON_NAME = AppIcon;
				DEVELOPMENT_TEAM = S3CGX2BLJA;
				INFOPLIST_FILE = testspeech/Info.plist;
				LD_RUNPATH_SEARCH_PATHS = "$(inherited) @executable_path/Frameworks";
				PRODUCT_BUNDLE_IDENTIFIER = com.nickbrook.testspeech;
				PRODUCT_NAME = "$(TARGET_NAME)";
				SWIFT_VERSION = 3.0;
			};
			name = Debug;
		};
		016971C21D8D7E21004E11A1 /* Release */ = {
			isa = XCBuildConfiguration;
			buildSettings = {
				ASSETCATALOG_COMPILER_APPICON_NAME = AppIcon;
				DEVELOPMENT_TEAM = S3CGX2BLJA;
				INFOPLIST_FILE = testspeech/Info.plist;
				LD_RUNPATH_SEARCH_PATHS = "$(inherited) @executable_path/Frameworks";
				PRODUCT_BUNDLE_IDENTIFIER = com.nickbrook.testspeech;
				PRODUCT_NAME = "$(TARGET_NAME)";
				SWIFT_VERSION = 3.0;
			};
			name = Release;
		};
/* End XCBuildConfiguration section */

/* Begin XCConfigurationList section */
		016971A91D8D7E21004E11A1 /* Build configuration list for PBXProject "testspeech" */ = {
			isa = XCConfigurationList;
			buildConfigurations = (
				016971BE1D8D7E21004E11A1 /* Debug */,
				016971BF1D8D7E21004E11A1 /* Release */,
			);
			defaultConfigurationIsVisible = 0;
			defaultConfigurationName = Release;
		};
		016971C01D8D7E21004E11A1 /* Build configuration list for PBXNativeTarget "testspeech" */ = {
			isa = XCConfigurationList;
			buildConfigurations = (
				016971C11D8D7E21004E11A1 /* Debug */,
				016971C21D8D7E21004E11A1 /* Release */,
			);
			defaultConfigurationIsVisible = 0;
		};
/* End XCConfigurationList section */
	};
	rootObject = 016971A61D8D7E21004E11A1 /* Project object */;
}
